
Microsoft Visual Studio Solution File, Format Version 12.00
# Visual Studio 15
VisualStudioVersion = 15.0.26430.12
MinimumVisualStudioVersion = 10.0.40219.1
Project("{9A19103F-16F7-4668-BE54-9A1E7A4F7556}") = "PowershellHelper", "src\PowershellHelper\PowershellHelper.csproj", "{CEDCC77D-E04F-475C-B7FF-B97EEB21C49D}"
EndProject
Project("{2150E333-8FDC-42A3-9474-1A3956D46DE8}") = "src", "src", "{A6A36776-E88C-4577-B2D7-1B4B0AA45FF5}"
EndProject
Project("{2150E333-8FDC-42A3-9474-1A3956D46DE8}") = "test", "test", "{1BA54848-C536-4184-BB94-D2FCE1CA7DB4}"
EndProject
Project("{9A19103F-16F7-4668-BE54-9A1E7A4F7556}") = "PowershellHelper.Tests", "test\PowershellHelper.Tests\PowershellHelper.Tests.csproj", "{DA8BAC47-8189-4159-A872-25105EEBCB15}"
EndProject
Project("{9A19103F-16F7-4668-BE54-9A1E7A4F7556}") = "PowershellHelper.IntegrationTests", "test\PowershellHelper.IntegrationTests\PowershellHelper.IntegrationTests.csproj", "{4A8F2693-5595-4FD2-A3F8-251D4FE7FE20}"
EndProject
Project("{9A19103F-16F7-4668-BE54-9A1E7A4F7556}") = "ConsoleTest", "src\ConsoleTest\ConsoleTest.csproj", "{052CD33D-B750-4880-8411-257744FF5D54}"
EndProject
Project("{9A19103F-16F7-4668-BE54-9A1E7A4F7556}") = "PowershellHelper.FunctionalTests", "test\PowershellHelper.FunctionalTests\PowershellHelper.FunctionalTests.csproj", "{4BF0652D-631C-4E8C-AD5B-02A7B1EA1875}"
EndProject
Global
	GlobalSection(SolutionConfigurationPlatforms) = preSolution
		Debug|Any CPU = Debug|Any CPU
		Release|Any CPU = Release|Any CPU
	EndGlobalSection
	GlobalSection(ProjectConfigurationPlatforms) = postSolution
		{CEDCC77D-E04F-475C-B7FF-B97EEB21C49D}.Debug|Any CPU.ActiveCfg = Debug|Any CPU
		{CEDCC77D-E04F-475C-B7FF-B97EEB21C49D}.Debug|Any CPU.Build.0 = Debug|Any CPU
		{CEDCC77D-E04F-475C-B7FF-B97EEB21C49D}.Release|Any CPU.ActiveCfg = Release|Any CPU
		{CEDCC77D-E04F-475C-B7FF-B97EEB21C49D}.Release|Any CPU.Build.0 = Release|Any CPU
		{DA8BAC47-8189-4159-A872-25105EEBCB15}.Debug|Any CPU.ActiveCfg = Debug|Any CPU
		{DA8BAC47-8189-4159-A872-25105EEBCB15}.Debug|Any CPU.Build.0 = Debug|Any CPU
		{DA8BAC47-8189-4159-A872-25105EEBCB15}.Release|Any CPU.ActiveCfg = Release|Any CPU
		{DA8BAC47-8189-4159-A872-25105EEBCB15}.Release|Any CPU.Build.0 = Release|Any CPU
		{4A8F2693-5595-4FD2-A3F8-251D4FE7FE20}.Debug|Any CPU.ActiveCfg = Debug|Any CPU
		{4A8F2693-5595-4FD2-A3F8-251D4FE7FE20}.Debug|Any CPU.Build.0 = Debug|Any CPU
		{4A8F2693-5595-4FD2-A3F8-251D4FE7FE20}.Release|Any CPU.ActiveCfg = Release|Any CPU
		{4A8F2693-5595-4FD2-A3F8-251D4FE7FE20}.Release|Any CPU.Build.0 = Release|Any CPU
		{052CD33D-B750-4880-8411-257744FF5D54}.Debug|Any CPU.ActiveCfg = Debug|Any CPU
		{052CD33D-B750-4880-8411-257744FF5D54}.Debug|Any CPU.Build.0 = Debug|Any CPU
		{052CD33D-B750-4880-8411-257744FF5D54}.Release|Any CPU.ActiveCfg = Release|Any CPU
		{052CD33D-B750-4880-8411-257744FF5D54}.Release|Any CPU.Build.0 = Release|Any CPU
		{4BF0652D-631C-4E8C-AD5B-02A7B1EA1875}.Debug|Any CPU.ActiveCfg = Debug|Any CPU
		{4BF0652D-631C-4E8C-AD5B-02A7B1EA1875}.Debug|Any CPU.Build.0 = Debug|Any CPU
		{4BF0652D-631C-4E8C-AD5B-02A7B1EA1875}.Release|Any CPU.ActiveCfg = Release|Any CPU
		{4BF0652D-631C-4E8C-AD5B-02A7B1EA1875}.Release|Any CPU.Build.0 = Release|Any CPU
	EndGlobalSection
	GlobalSection(SolutionProperties) = preSolution
		HideSolutionNode = FALSE
	EndGlobalSection
	GlobalSection(NestedProjects) = preSolution
		{CEDCC77D-E04F-475C-B7FF-B97EEB21C49D} = {A6A36776-E88C-4577-B2D7-1B4B0AA45FF5}
		{DA8BAC47-8189-4159-A872-25105EEBCB15} = {1BA54848-C536-4184-BB94-D2FCE1CA7DB4}
		{4A8F2693-5595-4FD2-A3F8-251D4FE7FE20} = {1BA54848-C536-4184-BB94-D2FCE1CA7DB4}
		{052CD33D-B750-4880-8411-257744FF5D54} = {A6A36776-E88C-4577-B2D7-1B4B0AA45FF5}
		{4BF0652D-631C-4E8C-AD5B-02A7B1EA1875} = {1BA54848-C536-4184-BB94-D2FCE1CA7DB4}
	EndGlobalSection
	GlobalSection(Performance) = preSolution
		HasPerformanceSessions = true
	EndGlobalSection
	GlobalSection(Performance) = preSolution
		HasPerformanceSessions = true
	EndGlobalSection
EndGlobal
